// !$*UTF8*$!
{
	archiveVersion = 1;
	classes = {
	};
	objectVersion = 50;
	objects = {

/* Begin PBXBuildFile section */
		7C37F9622103621A00EEFB23 /* AppDelegate.swift in Sources */ = {isa = PBXBuildFile; fileRef = 7C37F9612103621A00EEFB23 /* AppDelegate.swift */; };
		7C37F9642103621A00EEFB23 /* ViewController.swift in Sources */ = {isa = PBXBuildFile; fileRef = 7C37F9632103621A00EEFB23 /* ViewController.swift */; };
		7C37F9672103621A00EEFB23 /* Main.storyboard in Resources */ = {isa = PBXBuildFile; fileRef = 7C37F9652103621A00EEFB23 /* Main.storyboard */; };
		7C37F9692103621B00EEFB23 /* Assets.xcassets in Resources */ = {isa = PBXBuildFile; fileRef = 7C37F9682103621B00EEFB23 /* Assets.xcassets */; };
		7C37F96C2103621B00EEFB23 /* LaunchScreen.storyboard in Resources */ = {isa = PBXBuildFile; fileRef = 7C37F96A2103621B00EEFB23 /* LaunchScreen.storyboard */; };
		7C37F9772103621B00EEFB23 /* AR_DrawingTests.swift in Sources */ = {isa = PBXBuildFile; fileRef = 7C37F9762103621B00EEFB23 /* AR_DrawingTests.swift */; };
		7C37F9822103621B00EEFB23 /* AR_DrawingUITests.swift in Sources */ = {isa = PBXBuildFile; fileRef = 7C37F9812103621B00EEFB23 /* AR_DrawingUITests.swift */; };
/* End PBXBuildFile section */

/* Begin PBXContainerItemProxy section */
		7C37F9732103621B00EEFB23 /* PBXContainerItemProxy */ = {
			isa = PBXContainerItemProxy;
			containerPortal = 7C37F9562103621A00EEFB23 /* Project object */;
			proxyType = 1;
			remoteGlobalIDString = 7C37F95D2103621A00EEFB23;
			remoteInfo = "AR Drawing";
		};
		7C37F97E2103621B00EEFB23 /* PBXContainerItemProxy */ = {
			isa = PBXContainerItemProxy;
			containerPortal = 7C37F9562103621A00EEFB23 /* Project object */;
			proxyType = 1;
			remoteGlobalIDString = 7C37F95D2103621A00EEFB23;
			remoteInfo = "AR Drawing";
		};
/* End PBXContainerItemProxy section */

/* Begin PBXFileReference section */
		7C37F95E2103621A00EEFB23 /* AR Drawing.app */ = {isa = PBXFileReference; explicitFileType = wrapper.application; includeInIndex = 0; path = "AR Drawing.app"; sourceTree = BUILT_PRODUCTS_DIR; };
		7C37F9612103621A00EEFB23 /* AppDelegate.swift */ = {isa = PBXFileReference; lastKnownFileType = sourcecode.swift; path = AppDelegate.swift; sourceTree = "<group>"; };
		7C37F9632103621A00EEFB23 /* ViewController.swift */ = {isa = PBXFileReference; lastKnownFileType = sourcecode.swift; path = ViewController.swift; sourceTree = "<group>"; };
		7C37F9662103621A00EEFB23 /* Base */ = {isa = PBXFileReference; lastKnownFileType = file.storyboard; name = Base; path = Base.lproj/Main.storyboard; sourceTree = "<group>"; };
		7C37F9682103621B00EEFB23 /* Assets.xcassets */ = {isa = PBXFileReference; lastKnownFileType = folder.assetcatalog; path = Assets.xcassets; sourceTree = "<group>"; };
		7C37F96B2103621B00EEFB23 /* Base */ = {isa = PBXFileReference; lastKnownFileType = file.storyboard; name = Base; path = Base.lproj/LaunchScreen.storyboard; sourceTree = "<group>"; };
		7C37F96D2103621B00EEFB23 /* Info.plist */ = {isa = PBXFileReference; lastKnownFileType = text.plist.xml; path = Info.plist; sourceTree = "<group>"; };
		7C37F9722103621B00EEFB23 /* AR DrawingTests.xctest */ = {isa = PBXFileReference; explicitFileType = wrapper.cfbundle; includeInIndex = 0; path = "AR DrawingTests.xctest"; sourceTree = BUILT_PRODUCTS_DIR; };
		7C37F9762103621B00EEFB23 /* AR_DrawingTests.swift */ = {isa = PBXFileReference; lastKnownFileType = sourcecode.swift; path = AR_DrawingTests.swift; sourceTree = "<group>"; };
		7C37F9782103621B00EEFB23 /* Info.plist */ = {isa = PBXFileReference; lastKnownFileType = text.plist.xml; path = Info.plist; sourceTree = "<group>"; };
		7C37F97D2103621B00EEFB23 /* AR DrawingUITests.xctest */ = {isa = PBXFileReference; explicitFileType = wrapper.cfbundle; includeInIndex = 0; path = "AR DrawingUITests.xctest"; sourceTree = BUILT_PRODUCTS_DIR; };
		7C37F9812103621B00EEFB23 /* AR_DrawingUITests.swift */ = {isa = PBXFileReference; lastKnownFileType = sourcecode.swift; path = AR_DrawingUITests.swift; sourceTree = "<group>"; };
		7C37F9832103621B00EEFB23 /* Info.plist */ = {isa = PBXFileReference; lastKnownFileType = text.plist.xml; path = Info.plist; sourceTree = "<group>"; };
/* End PBXFileReference section */

/* Begin PBXFrameworksBuildPhase section */
		7C37F95B2103621A00EEFB23 /* Frameworks */ = {
			isa = PBXFrameworksBuildPhase;
			buildActionMask = 2147483647;
			files = (
			);
			runOnlyForDeploymentPostprocessing = 0;
		};
		7C37F96F2103621B00EEFB23 /* Frameworks */ = {
			isa = PBXFrameworksBuildPhase;
			buildActionMask = 2147483647;
			files = (
			);
			runOnlyForDeploymentPostprocessing = 0;
		};
		7C37F97A2103621B00EEFB23 /* Frameworks */ = {
			isa = PBXFrameworksBuildPhase;
			buildActionMask = 2147483647;
			files = (
			);
			runOnlyForDeploymentPostprocessing = 0;
		};
/* End PBXFrameworksBuildPhase section */

/* Begin PBXGroup section */
		7C37F9552103621A00EEFB23 = {
			isa = PBXGroup;
			children = (
				7C37F9602103621A00EEFB23 /* AR Drawing */,
				7C37F9752103621B00EEFB23 /* AR DrawingTests */,
				7C37F9802103621B00EEFB23 /* AR DrawingUITests */,
				7C37F95F2103621A00EEFB23 /* Products */,
			);
			sourceTree = "<group>";
		};
		7C37F95F2103621A00EEFB23 /* Products */ = {
			isa = PBXGroup;
			children = (
				7C37F95E2103621A00EEFB23 /* AR Drawing.app */,
				7C37F9722103621B00EEFB23 /* AR DrawingTests.xctest */,
				7C37F97D2103621B00EEFB23 /* AR DrawingUITests.xctest */,
			);
			name = Products;
			sourceTree = "<group>";
		};
		7C37F9602103621A00EEFB23 /* AR Drawing */ = {
			isa = PBXGroup;
			children = (
				7C37F9612103621A00EEFB23 /* AppDelegate.swift */,
				7C37F9632103621A00EEFB23 /* ViewController.swift */,
				7C37F9652103621A00EEFB23 /* Main.storyboard */,
				7C37F9682103621B00EEFB23 /* Assets.xcassets */,
				7C37F96A2103621B00EEFB23 /* LaunchScreen.storyboard */,
				7C37F96D2103621B00EEFB23 /* Info.plist */,
			);
			path = "AR Drawing";
			sourceTree = "<group>";
		};
		7C37F9752103621B00EEFB23 /* AR DrawingTests */ = {
			isa = PBXGroup;
			children = (
				7C37F9762103621B00EEFB23 /* AR_DrawingTests.swift */,
				7C37F9782103621B00EEFB23 /* Info.plist */,
			);
			path = "AR DrawingTests";
			sourceTree = "<group>";
		};
		7C37F9802103621B00EEFB23 /* AR DrawingUITests */ = {
			isa = PBXGroup;
			children = (
				7C37F9812103621B00EEFB23 /* AR_DrawingUITests.swift */,
				7C37F9832103621B00EEFB23 /* Info.plist */,
			);
			path = "AR DrawingUITests";
			sourceTree = "<group>";
		};
/* End PBXGroup section */

/* Begin PBXNativeTarget section */
		7C37F95D2103621A00EEFB23 /* AR Drawing */ = {
			isa = PBXNativeTarget;
			buildConfigurationList = 7C37F9862103621B00EEFB23 /* Build configuration list for PBXNativeTarget "AR Drawing" */;
			buildPhases = (
				7C37F95A2103621A00EEFB23 /* Sources */,
				7C37F95B2103621A00EEFB23 /* Frameworks */,
				7C37F95C2103621A00EEFB23 /* Resources */,
			);
			buildRules = (
			);
			dependencies = (
			);
			name = "AR Drawing";
			productName = "AR Drawing";
			productReference = 7C37F95E2103621A00EEFB23 /* AR Drawing.app */;
			productType = "com.apple.product-type.application";
		};
		7C37F9712103621B00EEFB23 /* AR DrawingTests */ = {
			isa = PBXNativeTarget;
			buildConfigurationList = 7C37F9892103621B00EEFB23 /* Build configuration list for PBXNativeTarget "AR DrawingTests" */;
			buildPhases = (
				7C37F96E2103621B00EEFB23 /* Sources */,
				7C37F96F2103621B00EEFB23 /* Frameworks */,
				7C37F9702103621B00EEFB23 /* Resources */,
			);
			buildRules = (
			);
			dependencies = (
				7C37F9742103621B00EEFB23 /* PBXTargetDependency */,
			);
			name = "AR DrawingTests";
			productName = "AR DrawingTests";
			productReference = 7C37F9722103621B00EEFB23 /* AR DrawingTests.xctest */;
			productType = "com.apple.product-type.bundle.unit-test";
		};
		7C37F97C2103621B00EEFB23 /* AR DrawingUITests */ = {
			isa = PBXNativeTarget;
			buildConfigurationList = 7C37F98C2103621B00EEFB23 /* Build configuration list for PBXNativeTarget "AR DrawingUITests" */;
			buildPhases = (
				7C37F9792103621B00EEFB23 /* Sources */,
				7C37F97A2103621B00EEFB23 /* Frameworks */,
				7C37F97B2103621B00EEFB23 /* Resources */,
			);
			buildRules = (
			);
			dependencies = (
				7C37F97F2103621B00EEFB23 /* PBXTargetDependency */,
			);
			name = "AR DrawingUITests";
			productName = "AR DrawingUITests";
			productReference = 7C37F97D2103621B00EEFB23 /* AR DrawingUITests.xctest */;
			productType = "com.apple.product-type.bundle.ui-testing";
		};
/* End PBXNativeTarget section */

/* Begin PBXProject section */
		7C37F9562103621A00EEFB23 /* Project object */ = {
			isa = PBXProject;
			attributes = {
				LastSwiftUpdateCheck = 1000;
				LastUpgradeCheck = 1000;
				ORGANIZATIONNAME = 55B.ai;
				TargetAttributes = {
					7C37F95D2103621A00EEFB23 = {
						CreatedOnToolsVersion = 10.0;
					};
					7C37F9712103621B00EEFB23 = {
						CreatedOnToolsVersion = 10.0;
						TestTargetID = 7C37F95D2103621A00EEFB23;
					};
					7C37F97C2103621B00EEFB23 = {
						CreatedOnToolsVersion = 10.0;
						TestTargetID = 7C37F95D2103621A00EEFB23;
					};
				};
			};
			buildConfigurationList = 7C37F9592103621A00EEFB23 /* Build configuration list for PBXProject "AR Drawing" */;
			compatibilityVersion = "Xcode 9.3";
			developmentRegion = en;
			hasScannedForEncodings = 0;
			knownRegions = (
				en,
				Base,
			);
			mainGroup = 7C37F9552103621A00EEFB23;
			productRefGroup = 7C37F95F2103621A00EEFB23 /* Products */;
			projectDirPath = "";
			projectRoot = "";
			targets = (
				7C37F95D2103621A00EEFB23 /* AR Drawing */,
				7C37F9712103621B00EEFB23 /* AR DrawingTests */,
				7C37F97C2103621B00EEFB23 /* AR DrawingUITests */,
			);
		};
/* End PBXProject section */

/* Begin PBXResourcesBuildPhase section */
		7C37F95C2103621A00EEFB23 /* Resources */ = {
			isa = PBXResourcesBuildPhase;
			buildActionMask = 2147483647;
			files = (
				7C37F96C2103621B00EEFB23 /* LaunchScreen.storyboard in Resources */,
				7C37F9692103621B00EEFB23 /* Assets.xcassets in Resources */,
				7C37F9672103621A00EEFB23 /* Main.storyboard in Resources */,
			);
			runOnlyForDeploymentPostprocessing = 0;
		};
		7C37F9702103621B00EEFB23 /* Resources */ = {
			isa = PBXResourcesBuildPhase;
			buildActionMask = 2147483647;
			files = (
			);
			runOnlyForDeploymentPostprocessing = 0;
		};
		7C37F97B2103621B00EEFB23 /* Resources */ = {
			isa = PBXResourcesBuildPhase;
			buildActionMask = 2147483647;
			files = (
			);
			runOnlyForDeploymentPostprocessing = 0;
		};
/* End PBXResourcesBuildPhase section */

/* Begin PBXSourcesBuildPhase section */
		7C37F95A2103621A00EEFB23 /* Sources */ = {
			isa = PBXSourcesBuildPhase;
			buildActionMask = 2147483647;
			files = (
				7C37F9642103621A00EEFB23 /* ViewController.swift in Sources */,
				7C37F9622103621A00EEFB23 /* AppDelegate.swift in Sources */,
			);
			runOnlyForDeploymentPostprocessing = 0;
		};
		7C37F96E2103621B00EEFB23 /* Sources */ = {
			isa = PBXSourcesBuildPhase;
			buildActionMask = 2147483647;
			files = (
				7C37F9772103621B00EEFB23 /* AR_DrawingTests.swift in Sources */,
			);
			runOnlyForDeploymentPostprocessing = 0;
		};
		7C37F9792103621B00EEFB23 /* Sources */ = {
			isa = PBXSourcesBuildPhase;
			buildActionMask = 2147483647;
			files = (
				7C37F9822103621B00EEFB23 /* AR_DrawingUITests.swift in Sources */,
			);
			runOnlyForDeploymentPostprocessing = 0;
		};
/* End PBXSourcesBuildPhase section */

/* Begin PBXTargetDependency section */
		7C37F9742103621B00EEFB23 /* PBXTargetDependency */ = {
			isa = PBXTargetDependency;
			target = 7C37F95D2103621A00EEFB23 /* AR Drawing */;
			targetProxy = 7C37F9732103621B00EEFB23 /* PBXContainerItemProxy */;
		};
		7C37F97F2103621B00EEFB23 /* PBXTargetDependency */ = {
			isa = PBXTargetDependency;
			target = 7C37F95D2103621A00EEFB23 /* AR Drawing */;
			targetProxy = 7C37F97E2103621B00EEFB23 /* PBXContainerItemProxy */;
		};
/* End PBXTargetDependency section */

/* Begin PBXVariantGroup section */
		7C37F9652103621A00EEFB23 /* Main.storyboard */ = {
			isa = PBXVariantGroup;
			children = (
				7C37F9662103621A00EEFB23 /* Base */,
			);
			name = Main.storyboard;
			sourceTree = "<group>";
		};
		7C37F96A2103621B00EEFB23 /* LaunchScreen.storyboard */ = {
			isa = PBXVariantGroup;
			children = (
				7C37F96B2103621B00EEFB23 /* Base */,
			);
			name = LaunchScreen.storyboard;
			sourceTree = "<group>";
		};
/* End PBXVariantGroup section */

/* Begin XCBuildConfiguration section */
		7C37F9842103621B00EEFB23 /* Debug */ = {
			isa = XCBuildConfiguration;
			buildSettings = {
				ALWAYS_SEARCH_USER_PATHS = NO;
				CLANG_ANALYZER_NONNULL = YES;
				CLANG_ANALYZER_NUMBER_OBJECT_CONVERSION = YES_AGGRESSIVE;
				CLANG_CXX_LANGUAGE_STANDARD = "gnu++14";
				CLANG_CXX_LIBRARY = "libc++";
				CLANG_ENABLE_MODULES = YES;
				CLANG_ENABLE_OBJC_ARC = YES;
				CLANG_ENABLE_OBJC_WEAK = YES;
				CLANG_WARN_BLOCK_CAPTURE_AUTORELEASING = YES;
				CLANG_WARN_BOOL_CONVERSION = YES;
				CLANG_WARN_COMMA = YES;
				CLANG_WARN_CONSTANT_CONVERSION = YES;
				CLANG_WARN_DEPRECATED_OBJC_IMPLEMENTATIONS = YES;
				CLANG_WARN_DIRECT_OBJC_ISA_USAGE = YES_ERROR;
				CLANG_WARN_DOCUMENTATION_COMMENTS = YES;
				CLANG_WARN_EMPTY_BODY = YES;
				CLANG_WARN_ENUM_CONVERSION = YES;
				CLANG_WARN_INFINITE_RECURSION = YES;
				CLANG_WARN_INT_CONVERSION = YES;
				CLANG_WARN_NON_LITERAL_NULL_CONVERSION = YES;
				CLANG_WARN_OBJC_IMPLICIT_RETAIN_SELF = YES;
				CLANG_WARN_OBJC_LITERAL_CONVERSION = YES;
				CLANG_WARN_OBJC_ROOT_CLASS = YES_ERROR;
				CLANG_WARN_RANGE_LOOP_ANALYSIS = YES;
				CLANG_WARN_STRICT_PROTOTYPES = YES;
				CLANG_WARN_SUSPICIOUS_MOVE = YES;
				CLANG_WARN_UNGUARDED_AVAILABILITY = YES_AGGRESSIVE;
				CLANG_WARN_UNREACHABLE_CODE = YES;
				CLANG_WARN__DUPLICATE_METHOD_MATCH = YES;
				CODE_SIGN_IDENTITY = "iPhone Developer";
				COPY_PHASE_STRIP = NO;
				DEBUG_INFORMATION_FORMAT = dwarf;
				ENABLE_STRICT_OBJC_MSGSEND = YES;
				ENABLE_TESTABILITY = YES;
				GCC_C_LANGUAGE_STANDARD = gnu11;
				GCC_DYNAMIC_NO_PIC = NO;
				GCC_NO_COMMON_BLOCKS = YES;
				GCC_OPTIMIZATION_LEVEL = 0;
				GCC_PREPROCESSOR_DEFINITIONS = (
					"DEBUG=1",
					"$(inherited)",
				);
				GCC_WARN_64_TO_32_BIT_CONVERSION = YES;
				GCC_WARN_ABOUT_RETURN_TYPE = YES_ERROR;
				GCC_WARN_UNDECLARED_SELECTOR = YES;
				GCC_WARN_UNINITIALIZED_AUTOS = YES_AGGRESSIVE;
				GCC_WARN_UNUSED_FUNCTION = YES;
				GCC_WARN_UNUSED_VARIABLE = YES;
				IPHONEOS_DEPLOYMENT_TARGET = 12.0;
				MTL_ENABLE_DEBUG_INFO = INCLUDE_SOURCE;
				MTL_FAST_MATH = YES;
				ONLY_ACTIVE_ARCH = YES;
				SDKROOT = iphoneos;
				SWIFT_ACTIVE_COMPILATION_CONDITIONS = DEBUG;
				SWIFT_OPTIMIZATION_LEVEL = "-Onone";
			};
			name = Debug;
		};
		7C37F9852103621B00EEFB23 /* Release */ = {
			isa = XCBuildConfiguration;
			buildSettings = {
				ALWAYS_SEARCH_USER_PATHS = NO;
				CLANG_ANALYZER_NONNULL = YES;
				CLANG_ANALYZER_NUMBER_OBJECT_CONVERSION = YES_AGGRESSIVE;
				CLANG_CXX_LANGUAGE_STANDARD = "gnu++14";
				CLANG_CXX_LIBRARY = "libc++";
				CLANG_ENABLE_MODULES = YES;
				CLANG_ENABLE_OBJC_ARC = YES;
				CLANG_ENABLE_OBJC_WEAK = YES;
				CLANG_WARN_BLOCK_CAPTURE_AUTORELEASING = YES;
				CLANG_WARN_BOOL_CONVERSION = YES;
				CLANG_WARN_COMMA = YES;
				CLANG_WARN_CONSTANT_CONVERSION = YES;
				CLANG_WARN_DEPRECATED_OBJC_IMPLEMENTATIONS = YES;
				CLANG_WARN_DIRECT_OBJC_ISA_USAGE = YES_ERROR;
				CLANG_WARN_DOCUMENTATION_COMMENTS = YES;
				CLANG_WARN_EMPTY_BODY = YES;
				CLANG_WARN_ENUM_CONVERSION = YES;
				CLANG_WARN_INFINITE_RECURSION = YES;
				CLANG_WARN_INT_CONVERSION = YES;
				CLANG_WARN_NON_LITERAL_NULL_CONVERSION = YES;
				CLANG_WARN_OBJC_IMPLICIT_RETAIN_SELF = YES;
				CLANG_WARN_OBJC_LITERAL_CONVERSION = YES;
				CLANG_WARN_OBJC_ROOT_CLASS = YES_ERROR;
				CLANG_WARN_RANGE_LOOP_ANALYSIS = YES;
				CLANG_WARN_STRICT_PROTOTYPES = YES;
				CLANG_WARN_SUSPICIOUS_MOVE = YES;
				CLANG_WARN_UNGUARDED_AVAILABILITY = YES_AGGRESSIVE;
				CLANG_WARN_UNREACHABLE_CODE = YES;
				CLANG_WARN__DUPLICATE_METHOD_MATCH = YES;
				CODE_SIGN_IDENTITY = "iPhone Developer";
				COPY_PHASE_STRIP = NO;
				DEBUG_INFORMATION_FORMAT = "dwarf-with-dsym";
				ENABLE_NS_ASSERTIONS = NO;
				ENABLE_STRICT_OBJC_MSGSEND = YES;
				GCC_C_LANGUAGE_STANDARD = gnu11;
				GCC_NO_COMMON_BLOCKS = YES;
				GCC_WARN_64_TO_32_BIT_CONVERSION = YES;
				GCC_WARN_ABOUT_RETURN_TYPE = YES_ERROR;
				GCC_WARN_UNDECLARED_SELECTOR = YES;
				GCC_WARN_UNINITIALIZED_AUTOS = YES_AGGRESSIVE;
				GCC_WARN_UNUSED_FUNCTION = YES;
				GCC_WARN_UNUSED_VARIABLE = YES;
				IPHONEOS_DEPLOYMENT_TARGET = 12.0;
				MTL_ENABLE_DEBUG_INFO = NO;
				MTL_FAST_MATH = YES;
				SDKROOT = iphoneos;
				SWIFT_COMPILATION_MODE = wholemodule;
				SWIFT_OPTIMIZATION_LEVEL = "-O";
				VALIDATE_PRODUCT = YES;
			};
			name = Release;
		};
		7C37F9872103621B00EEFB23 /* Debug */ = {
			isa = XCBuildConfiguration;
			buildSettings = {
				ASSETCATALOG_COMPILER_APPICON_NAME = AppIcon;
				CODE_SIGN_STYLE = Automatic;
				DEVELOPMENT_TEAM = P4LF6HH4NG;
				INFOPLIST_FILE = "AR Drawing/Info.plist";
				IPHONEOS_DEPLOYMENT_TARGET = 11.4;
				LD_RUNPATH_SEARCH_PATHS = (
					"$(inherited)",
					"@executable_path/Frameworks",
				);
				PRODUCT_BUNDLE_IDENTIFIER = "-5B.ai.AR-Drawing";
				PRODUCT_NAME = "$(TARGET_NAME)";
				SWIFT_VERSION = 4.2;
				TARGETED_DEVICE_FAMILY = "1,2";
			};
			name = Debug;
		};
		7C37F9882103621B00EEFB23 /* Release */ = {
			isa = XCBuildConfiguration;
			buildSettings = {
				ASSETCATALOG_COMPILER_APPICON_NAME = AppIcon;
				CODE_SIGN_STYLE = Automatic;
				DEVELOPMENT_TEAM = P4LF6HH4NG;
				INFOPLIST_FILE = "AR Drawing/Info.plist";
				IPHONEOS_DEPLOYMENT_TARGET = 11.4;
				LD_RUNPATH_SEARCH_PATHS = (
					"$(inherited)",
					"@executable_path/Frameworks",
				);
				PRODUCT_BUNDLE_IDENTIFIER = "-5B.ai.AR-Drawing";
				PRODUCT_NAME = "$(TARGET_NAME)";
				SWIFT_VERSION = 4.2;
				TARGETED_DEVICE_FAMILY = "1,2";
			};
			name = Release;
		};
		7C37F98A2103621B00EEFB23 /* Debug */ = {
			isa = XCBuildConfiguration;
			buildSettings = {
				ALWAYS_EMBED_SWIFT_STANDARD_LIBRARIES = YES;
				BUNDLE_LOADER = "$(TEST_HOST)";
				CODE_SIGN_STYLE = Automatic;
				DEVELOPMENT_TEAM = P4LF6HH4NG;
				INFOPLIST_FILE = "AR DrawingTests/Info.plist";
				LD_RUNPATH_SEARCH_PATHS = (
					"$(inherited)",
					"@executable_path/Frameworks",
					"@loader_path/Frameworks",
				);
				PRODUCT_BUNDLE_IDENTIFIER = "-5B.ai.AR-DrawingTests";
				PRODUCT_NAME = "$(TARGET_NAME)";
				SWIFT_VERSION = 4.2;
				TARGETED_DEVICE_FAMILY = "1,2";
				TEST_HOST = "$(BUILT_PRODUCTS_DIR)/AR Drawing.app/AR Drawing";
			};
			name = Debug;
		};
		7C37F98B2103621B00EEFB23 /* Release */ = {
			isa = XCBuildConfiguration;
			buildSettings = {
				ALWAYS_EMBED_SWIFT_STANDARD_LIBRARIES = YES;
				BUNDLE_LOADER = "$(TEST_HOST)";
				CODE_SIGN_STYLE = Automatic;
				DEVELOPMENT_TEAM = P4LF6HH4NG;
				INFOPLIST_FILE = "AR DrawingTests/Info.plist";
				LD_RUNPATH_SEARCH_PATHS = (
					"$(inherited)",
					"@executable_path/Frameworks",
					"@loader_path/Frameworks",
				);
				PRODUCT_BUNDLE_IDENTIFIER = "-5B.ai.AR-DrawingTests";
				PRODUCT_NAME = "$(TARGET_NAME)";
				SWIFT_VERSION = 4.2;
				TARGETED_DEVICE_FAMILY = "1,2";
				TEST_HOST = "$(BUILT_PRODUCTS_DIR)/AR Drawing.app/AR Drawing";
			};
			name = Release;
		};
		7C37F98D2103621B00EEFB23 /* Debug */ = {
			isa = XCBuildConfiguration;
			buildSettings = {
				ALWAYS_EMBED_SWIFT_STANDARD_LIBRARIES = YES;
				CODE_SIGN_STYLE = Automatic;
				DEVELOPMENT_TEAM = P4LF6HH4NG;
				INFOPLIST_FILE = "AR DrawingUITests/Info.plist";
				LD_RUNPATH_SEARCH_PATHS = (
					"$(inherited)",
					"@executable_path/Frameworks",
					"@loader_path/Frameworks",
				);
				PRODUCT_BUNDLE_IDENTIFIER = "-5B.ai.AR-DrawingUITests";
				PRODUCT_NAME = "$(TARGET_NAME)";
				SWIFT_VERSION = 4.2;
				TARGETED_DEVICE_FAMILY = "1,2";
				TEST_TARGET_NAME = "AR Drawing";
			};
			name = Debug;
		};
		7C37F98E2103621B00EEFB23 /* Release */ = {
			isa = XCBuildConfiguration;
			buildSettings = {
				ALWAYS_EMBED_SWIFT_STANDARD_LIBRARIES = YES;
				CODE_SIGN_STYLE = Automatic;
				DEVELOPMENT_TEAM = P4LF6HH4NG;
				INFOPLIST_FILE = "AR DrawingUITests/Info.plist";
				LD_RUNPATH_SEARCH_PATHS = (
					"$(inherited)",
					"@executable_path/Frameworks",
					"@loader_path/Frameworks",
				);
				PRODUCT_BUNDLE_IDENTIFIER = "-5B.ai.AR-DrawingUITests";
				PRODUCT_NAME = "$(TARGET_NAME)";
				SWIFT_VERSION = 4.2;
				TARGETED_DEVICE_FAMILY = "1,2";
				TEST_TARGET_NAME = "AR Drawing";
			};
			name = Release;
		};
/* End XCBuildConfiguration section */

/* Begin XCConfigurationList section */
		7C37F9592103621A00EEFB23 /* Build configuration list for PBXProject "AR Drawing" */ = {
			isa = XCConfigurationList;
			buildConfigurations = (
				7C37F9842103621B00EEFB23 /* Debug */,
				7C37F9852103621B00EEFB23 /* Release */,
			);
			defaultConfigurationIsVisible = 0;
			defaultConfigurationName = Release;
		};
		7C37F9862103621B00EEFB23 /* Build configuration list for PBXNativeTarget "AR Drawing" */ = {
			isa = XCConfigurationList;
			buildConfigurations = (
				7C37F9872103621B00EEFB23 /* Debug */,
				7C37F9882103621B00EEFB23 /* Release */,
			);
			defaultConfigurationIsVisible = 0;
			defaultConfigurationName = Release;
		};
		7C37F9892103621B00EEFB23 /* Build configuration list for PBXNativeTarget "AR DrawingTests" */ = {
			isa = XCConfigurationList;
			buildConfigurations = (
				7C37F98A2103621B00EEFB23 /* Debug */,
				7C37F98B2103621B00EEFB23 /* Release */,
			);
			defaultConfigurationIsVisible = 0;
			defaultConfigurationName = Release;
		};
		7C37F98C2103621B00EEFB23 /* Build configuration list for PBXNativeTarget "AR DrawingUITests" */ = {
			isa = XCConfigurationList;
			buildConfigurations = (
				7C37F98D2103621B00EEFB23 /* Debug */,
				7C37F98E2103621B00EEFB23 /* Release */,
			);
			defaultConfigurationIsVisible = 0;
			defaultConfigurationName = Release;
		};
/* End XCConfigurationList section */
	};
	rootObject = 7C37F9562103621A00EEFB23 /* Project object */;
}
