// !$*UTF8*$!
{
	archiveVersion = 1;
	classes = {
	};
	objectVersion = 50;
	objects = {

/* Begin PBXBuildFile section */
		7CD11AE12103A97500BF085C /* AppDelegate.swift in Sources */ = {isa = PBXBuildFile; fileRef = 7CD11AE02103A97500BF085C /* AppDelegate.swift */; };
		7CD11AE32103A97500BF085C /* ViewController.swift in Sources */ = {isa = PBXBuildFile; fileRef = 7CD11AE22103A97500BF085C /* ViewController.swift */; };
		7CD11AE62103A97500BF085C /* Main.storyboard in Resources */ = {isa = PBXBuildFile; fileRef = 7CD11AE42103A97500BF085C /* Main.storyboard */; };
		7CD11AE82103A97800BF085C /* Assets.xcassets in Resources */ = {isa = PBXBuildFile; fileRef = 7CD11AE72103A97800BF085C /* Assets.xcassets */; };
		7CD11AEB2103A97800BF085C /* LaunchScreen.storyboard in Resources */ = {isa = PBXBuildFile; fileRef = 7CD11AE92103A97800BF085C /* LaunchScreen.storyboard */; };
		7CD11AF62103A97800BF085C /* PlanetsTests.swift in Sources */ = {isa = PBXBuildFile; fileRef = 7CD11AF52103A97800BF085C /* PlanetsTests.swift */; };
		7CD11B012103A97800BF085C /* PlanetsUITests.swift in Sources */ = {isa = PBXBuildFile; fileRef = 7CD11B002103A97800BF085C /* PlanetsUITests.swift */; };
/* End PBXBuildFile section */

/* Begin PBXContainerItemProxy section */
		7CD11AF22103A97800BF085C /* PBXContainerItemProxy */ = {
			isa = PBXContainerItemProxy;
			containerPortal = 7CD11AD52103A97500BF085C /* Project object */;
			proxyType = 1;
			remoteGlobalIDString = 7CD11ADC2103A97500BF085C;
			remoteInfo = Planets;
		};
		7CD11AFD2103A97800BF085C /* PBXContainerItemProxy */ = {
			isa = PBXContainerItemProxy;
			containerPortal = 7CD11AD52103A97500BF085C /* Project object */;
			proxyType = 1;
			remoteGlobalIDString = 7CD11ADC2103A97500BF085C;
			remoteInfo = Planets;
		};
/* End PBXContainerItemProxy section */

/* Begin PBXFileReference section */
		7CD11ADD2103A97500BF085C /* Planets.app */ = {isa = PBXFileReference; explicitFileType = wrapper.application; includeInIndex = 0; path = Planets.app; sourceTree = BUILT_PRODUCTS_DIR; };
		7CD11AE02103A97500BF085C /* AppDelegate.swift */ = {isa = PBXFileReference; lastKnownFileType = sourcecode.swift; path = AppDelegate.swift; sourceTree = "<group>"; };
		7CD11AE22103A97500BF085C /* ViewController.swift */ = {isa = PBXFileReference; lastKnownFileType = sourcecode.swift; path = ViewController.swift; sourceTree = "<group>"; };
		7CD11AE52103A97500BF085C /* Base */ = {isa = PBXFileReference; lastKnownFileType = file.storyboard; name = Base; path = Base.lproj/Main.storyboard; sourceTree = "<group>"; };
		7CD11AE72103A97800BF085C /* Assets.xcassets */ = {isa = PBXFileReference; lastKnownFileType = folder.assetcatalog; path = Assets.xcassets; sourceTree = "<group>"; };
		7CD11AEA2103A97800BF085C /* Base */ = {isa = PBXFileReference; lastKnownFileType = file.storyboard; name = Base; path = Base.lproj/LaunchScreen.storyboard; sourceTree = "<group>"; };
		7CD11AEC2103A97800BF085C /* Info.plist */ = {isa = PBXFileReference; lastKnownFileType = text.plist.xml; path = Info.plist; sourceTree = "<group>"; };
		7CD11AF12103A97800BF085C /* PlanetsTests.xctest */ = {isa = PBXFileReference; explicitFileType = wrapper.cfbundle; includeInIndex = 0; path = PlanetsTests.xctest; sourceTree = BUILT_PRODUCTS_DIR; };
		7CD11AF52103A97800BF085C /* PlanetsTests.swift */ = {isa = PBXFileReference; lastKnownFileType = sourcecode.swift; path = PlanetsTests.swift; sourceTree = "<group>"; };
		7CD11AF72103A97800BF085C /* Info.plist */ = {isa = PBXFileReference; lastKnownFileType = text.plist.xml; path = Info.plist; sourceTree = "<group>"; };
		7CD11AFC2103A97800BF085C /* PlanetsUITests.xctest */ = {isa = PBXFileReference; explicitFileType = wrapper.cfbundle; includeInIndex = 0; path = PlanetsUITests.xctest; sourceTree = BUILT_PRODUCTS_DIR; };
		7CD11B002103A97800BF085C /* PlanetsUITests.swift */ = {isa = PBXFileReference; lastKnownFileType = sourcecode.swift; path = PlanetsUITests.swift; sourceTree = "<group>"; };
		7CD11B022103A97800BF085C /* Info.plist */ = {isa = PBXFileReference; lastKnownFileType = text.plist.xml; path = Info.plist; sourceTree = "<group>"; };
/* End PBXFileReference section */

/* Begin PBXFrameworksBuildPhase section */
		7CD11ADA2103A97500BF085C /* Frameworks */ = {
			isa = PBXFrameworksBuildPhase;
			buildActionMask = 2147483647;
			files = (
			);
			runOnlyForDeploymentPostprocessing = 0;
		};
		7CD11AEE2103A97800BF085C /* Frameworks */ = {
			isa = PBXFrameworksBuildPhase;
			buildActionMask = 2147483647;
			files = (
			);
			runOnlyForDeploymentPostprocessing = 0;
		};
		7CD11AF92103A97800BF085C /* Frameworks */ = {
			isa = PBXFrameworksBuildPhase;
			buildActionMask = 2147483647;
			files = (
			);
			runOnlyForDeploymentPostprocessing = 0;
		};
/* End PBXFrameworksBuildPhase section */

/* Begin PBXGroup section */
		7CD11AD42103A97500BF085C = {
			isa = PBXGroup;
			children = (
				7CD11ADF2103A97500BF085C /* Planets */,
				7CD11AF42103A97800BF085C /* PlanetsTests */,
				7CD11AFF2103A97800BF085C /* PlanetsUITests */,
				7CD11ADE2103A97500BF085C /* Products */,
			);
			sourceTree = "<group>";
		};
		7CD11ADE2103A97500BF085C /* Products */ = {
			isa = PBXGroup;
			children = (
				7CD11ADD2103A97500BF085C /* Planets.app */,
				7CD11AF12103A97800BF085C /* PlanetsTests.xctest */,
				7CD11AFC2103A97800BF085C /* PlanetsUITests.xctest */,
			);
			name = Products;
			sourceTree = "<group>";
		};
		7CD11ADF2103A97500BF085C /* Planets */ = {
			isa = PBXGroup;
			children = (
				7CD11AE02103A97500BF085C /* AppDelegate.swift */,
				7CD11AE22103A97500BF085C /* ViewController.swift */,
				7CD11AE42103A97500BF085C /* Main.storyboard */,
				7CD11AE72103A97800BF085C /* Assets.xcassets */,
				7CD11AE92103A97800BF085C /* LaunchScreen.storyboard */,
				7CD11AEC2103A97800BF085C /* Info.plist */,
			);
			path = Planets;
			sourceTree = "<group>";
		};
		7CD11AF42103A97800BF085C /* PlanetsTests */ = {
			isa = PBXGroup;
			children = (
				7CD11AF52103A97800BF085C /* PlanetsTests.swift */,
				7CD11AF72103A97800BF085C /* Info.plist */,
			);
			path = PlanetsTests;
			sourceTree = "<group>";
		};
		7CD11AFF2103A97800BF085C /* PlanetsUITests */ = {
			isa = PBXGroup;
			children = (
				7CD11B002103A97800BF085C /* PlanetsUITests.swift */,
				7CD11B022103A97800BF085C /* Info.plist */,
			);
			path = PlanetsUITests;
			sourceTree = "<group>";
		};
/* End PBXGroup section */

/* Begin PBXNativeTarget section */
		7CD11ADC2103A97500BF085C /* Planets */ = {
			isa = PBXNativeTarget;
			buildConfigurationList = 7CD11B052103A97800BF085C /* Build configuration list for PBXNativeTarget "Planets" */;
			buildPhases = (
				7CD11AD92103A97500BF085C /* Sources */,
				7CD11ADA2103A97500BF085C /* Frameworks */,
				7CD11ADB2103A97500BF085C /* Resources */,
			);
			buildRules = (
			);
			dependencies = (
			);
			name = Planets;
			productName = Planets;
			productReference = 7CD11ADD2103A97500BF085C /* Planets.app */;
			productType = "com.apple.product-type.application";
		};
		7CD11AF02103A97800BF085C /* PlanetsTests */ = {
			isa = PBXNativeTarget;
			buildConfigurationList = 7CD11B082103A97800BF085C /* Build configuration list for PBXNativeTarget "PlanetsTests" */;
			buildPhases = (
				7CD11AED2103A97800BF085C /* Sources */,
				7CD11AEE2103A97800BF085C /* Frameworks */,
				7CD11AEF2103A97800BF085C /* Resources */,
			);
			buildRules = (
			);
			dependencies = (
				7CD11AF32103A97800BF085C /* PBXTargetDependency */,
			);
			name = PlanetsTests;
			productName = PlanetsTests;
			productReference = 7CD11AF12103A97800BF085C /* PlanetsTests.xctest */;
			productType = "com.apple.product-type.bundle.unit-test";
		};
		7CD11AFB2103A97800BF085C /* PlanetsUITests */ = {
			isa = PBXNativeTarget;
			buildConfigurationList = 7CD11B0B2103A97800BF085C /* Build configuration list for PBXNativeTarget "PlanetsUITests" */;
			buildPhases = (
				7CD11AF82103A97800BF085C /* Sources */,
				7CD11AF92103A97800BF085C /* Frameworks */,
				7CD11AFA2103A97800BF085C /* Resources */,
			);
			buildRules = (
			);
			dependencies = (
				7CD11AFE2103A97800BF085C /* PBXTargetDependency */,
			);
			name = PlanetsUITests;
			productName = PlanetsUITests;
			productReference = 7CD11AFC2103A97800BF085C /* PlanetsUITests.xctest */;
			productType = "com.apple.product-type.bundle.ui-testing";
		};
/* End PBXNativeTarget section */

/* Begin PBXProject section */
		7CD11AD52103A97500BF085C /* Project object */ = {
			isa = PBXProject;
			attributes = {
				LastSwiftUpdateCheck = 1000;
				LastUpgradeCheck = 1000;
				ORGANIZATIONNAME = 55B.ai;
				TargetAttributes = {
					7CD11ADC2103A97500BF085C = {
						CreatedOnToolsVersion = 10.0;
					};
					7CD11AF02103A97800BF085C = {
						CreatedOnToolsVersion = 10.0;
						TestTargetID = 7CD11ADC2103A97500BF085C;
					};
					7CD11AFB2103A97800BF085C = {
						CreatedOnToolsVersion = 10.0;
						TestTargetID = 7CD11ADC2103A97500BF085C;
					};
				};
			};
			buildConfigurationList = 7CD11AD82103A97500BF085C /* Build configuration list for PBXProject "Planets" */;
			compatibilityVersion = "Xcode 9.3";
			developmentRegion = en;
			hasScannedForEncodings = 0;
			knownRegions = (
				en,
				Base,
			);
			mainGroup = 7CD11AD42103A97500BF085C;
			productRefGroup = 7CD11ADE2103A97500BF085C /* Products */;
			projectDirPath = "";
			projectRoot = "";
			targets = (
				7CD11ADC2103A97500BF085C /* Planets */,
				7CD11AF02103A97800BF085C /* PlanetsTests */,
				7CD11AFB2103A97800BF085C /* PlanetsUITests */,
			);
		};
/* End PBXProject section */

/* Begin PBXResourcesBuildPhase section */
		7CD11ADB2103A97500BF085C /* Resources */ = {
			isa = PBXResourcesBuildPhase;
			buildActionMask = 2147483647;
			files = (
				7CD11AEB2103A97800BF085C /* LaunchScreen.storyboard in Resources */,
				7CD11AE82103A97800BF085C /* Assets.xcassets in Resources */,
				7CD11AE62103A97500BF085C /* Main.storyboard in Resources */,
			);
			runOnlyForDeploymentPostprocessing = 0;
		};
		7CD11AEF2103A97800BF085C /* Resources */ = {
			isa = PBXResourcesBuildPhase;
			buildActionMask = 2147483647;
			files = (
			);
			runOnlyForDeploymentPostprocessing = 0;
		};
		7CD11AFA2103A97800BF085C /* Resources */ = {
			isa = PBXResourcesBuildPhase;
			buildActionMask = 2147483647;
			files = (
			);
			runOnlyForDeploymentPostprocessing = 0;
		};
/* End PBXResourcesBuildPhase section */

/* Begin PBXSourcesBuildPhase section */
		7CD11AD92103A97500BF085C /* Sources */ = {
			isa = PBXSourcesBuildPhase;
			buildActionMask = 2147483647;
			files = (
				7CD11AE32103A97500BF085C /* ViewController.swift in Sources */,
				7CD11AE12103A97500BF085C /* AppDelegate.swift in Sources */,
			);
			runOnlyForDeploymentPostprocessing = 0;
		};
		7CD11AED2103A97800BF085C /* Sources */ = {
			isa = PBXSourcesBuildPhase;
			buildActionMask = 2147483647;
			files = (
				7CD11AF62103A97800BF085C /* PlanetsTests.swift in Sources */,
			);
			runOnlyForDeploymentPostprocessing = 0;
		};
		7CD11AF82103A97800BF085C /* Sources */ = {
			isa = PBXSourcesBuildPhase;
			buildActionMask = 2147483647;
			files = (
				7CD11B012103A97800BF085C /* PlanetsUITests.swift in Sources */,
			);
			runOnlyForDeploymentPostprocessing = 0;
		};
/* End PBXSourcesBuildPhase section */

/* Begin PBXTargetDependency section */
		7CD11AF32103A97800BF085C /* PBXTargetDependency */ = {
			isa = PBXTargetDependency;
			target = 7CD11ADC2103A97500BF085C /* Planets */;
			targetProxy = 7CD11AF22103A97800BF085C /* PBXContainerItemProxy */;
		};
		7CD11AFE2103A97800BF085C /* PBXTargetDependency */ = {
			isa = PBXTargetDependency;
			target = 7CD11ADC2103A97500BF085C /* Planets */;
			targetProxy = 7CD11AFD2103A97800BF085C /* PBXContainerItemProxy */;
		};
/* End PBXTargetDependency section */

/* Begin PBXVariantGroup section */
		7CD11AE42103A97500BF085C /* Main.storyboard */ = {
			isa = PBXVariantGroup;
			children = (
				7CD11AE52103A97500BF085C /* Base */,
			);
			name = Main.storyboard;
			sourceTree = "<group>";
		};
		7CD11AE92103A97800BF085C /* LaunchScreen.storyboard */ = {
			isa = PBXVariantGroup;
			children = (
				7CD11AEA2103A97800BF085C /* Base */,
			);
			name = LaunchScreen.storyboard;
			sourceTree = "<group>";
		};
/* End PBXVariantGroup section */

/* Begin XCBuildConfiguration section */
		7CD11B032103A97800BF085C /* Debug */ = {
			isa = XCBuildConfiguration;
			buildSettings = {
				ALWAYS_SEARCH_USER_PATHS = NO;
				CLANG_ANALYZER_NONNULL = YES;
				CLANG_ANALYZER_NUMBER_OBJECT_CONVERSION = YES_AGGRESSIVE;
				CLANG_CXX_LANGUAGE_STANDARD = "gnu++14";
				CLANG_CXX_LIBRARY = "libc++";
				CLANG_ENABLE_MODULES = YES;
				CLANG_ENABLE_OBJC_ARC = YES;
				CLANG_ENABLE_OBJC_WEAK = YES;
				CLANG_WARN_BLOCK_CAPTURE_AUTORELEASING = YES;
				CLANG_WARN_BOOL_CONVERSION = YES;
				CLANG_WARN_COMMA = YES;
				CLANG_WARN_CONSTANT_CONVERSION = YES;
				CLANG_WARN_DEPRECATED_OBJC_IMPLEMENTATIONS = YES;
				CLANG_WARN_DIRECT_OBJC_ISA_USAGE = YES_ERROR;
				CLANG_WARN_DOCUMENTATION_COMMENTS = YES;
				CLANG_WARN_EMPTY_BODY = YES;
				CLANG_WARN_ENUM_CONVERSION = YES;
				CLANG_WARN_INFINITE_RECURSION = YES;
				CLANG_WARN_INT_CONVERSION = YES;
				CLANG_WARN_NON_LITERAL_NULL_CONVERSION = YES;
				CLANG_WARN_OBJC_IMPLICIT_RETAIN_SELF = YES;
				CLANG_WARN_OBJC_LITERAL_CONVERSION = YES;
				CLANG_WARN_OBJC_ROOT_CLASS = YES_ERROR;
				CLANG_WARN_RANGE_LOOP_ANALYSIS = YES;
				CLANG_WARN_STRICT_PROTOTYPES = YES;
				CLANG_WARN_SUSPICIOUS_MOVE = YES;
				CLANG_WARN_UNGUARDED_AVAILABILITY = YES_AGGRESSIVE;
				CLANG_WARN_UNREACHABLE_CODE = YES;
				CLANG_WARN__DUPLICATE_METHOD_MATCH = YES;
				CODE_SIGN_IDENTITY = "iPhone Developer";
				COPY_PHASE_STRIP = NO;
				DEBUG_INFORMATION_FORMAT = dwarf;
				ENABLE_STRICT_OBJC_MSGSEND = YES;
				ENABLE_TESTABILITY = YES;
				GCC_C_LANGUAGE_STANDARD = gnu11;
				GCC_DYNAMIC_NO_PIC = NO;
				GCC_NO_COMMON_BLOCKS = YES;
				GCC_OPTIMIZATION_LEVEL = 0;
				GCC_PREPROCESSOR_DEFINITIONS = (
					"DEBUG=1",
					"$(inherited)",
				);
				GCC_WARN_64_TO_32_BIT_CONVERSION = YES;
				GCC_WARN_ABOUT_RETURN_TYPE = YES_ERROR;
				GCC_WARN_UNDECLARED_SELECTOR = YES;
				GCC_WARN_UNINITIALIZED_AUTOS = YES_AGGRESSIVE;
				GCC_WARN_UNUSED_FUNCTION = YES;
				GCC_WARN_UNUSED_VARIABLE = YES;
				IPHONEOS_DEPLOYMENT_TARGET = 12.0;
				MTL_ENABLE_DEBUG_INFO = INCLUDE_SOURCE;
				MTL_FAST_MATH = YES;
				ONLY_ACTIVE_ARCH = YES;
				SDKROOT = iphoneos;
				SWIFT_ACTIVE_COMPILATION_CONDITIONS = DEBUG;
				SWIFT_OPTIMIZATION_LEVEL = "-Onone";
			};
			name = Debug;
		};
		7CD11B042103A97800BF085C /* Release */ = {
			isa = XCBuildConfiguration;
			buildSettings = {
				ALWAYS_SEARCH_USER_PATHS = NO;
				CLANG_ANALYZER_NONNULL = YES;
				CLANG_ANALYZER_NUMBER_OBJECT_CONVERSION = YES_AGGRESSIVE;
				CLANG_CXX_LANGUAGE_STANDARD = "gnu++14";
				CLANG_CXX_LIBRARY = "libc++";
				CLANG_ENABLE_MODULES = YES;
				CLANG_ENABLE_OBJC_ARC = YES;
				CLANG_ENABLE_OBJC_WEAK = YES;
				CLANG_WARN_BLOCK_CAPTURE_AUTORELEASING = YES;
				CLANG_WARN_BOOL_CONVERSION = YES;
				CLANG_WARN_COMMA = YES;
				CLANG_WARN_CONSTANT_CONVERSION = YES;
				CLANG_WARN_DEPRECATED_OBJC_IMPLEMENTATIONS = YES;
				CLANG_WARN_DIRECT_OBJC_ISA_USAGE = YES_ERROR;
				CLANG_WARN_DOCUMENTATION_COMMENTS = YES;
				CLANG_WARN_EMPTY_BODY = YES;
				CLANG_WARN_ENUM_CONVERSION = YES;
				CLANG_WARN_INFINITE_RECURSION = YES;
				CLANG_WARN_INT_CONVERSION = YES;
				CLANG_WARN_NON_LITERAL_NULL_CONVERSION = YES;
				CLANG_WARN_OBJC_IMPLICIT_RETAIN_SELF = YES;
				CLANG_WARN_OBJC_LITERAL_CONVERSION = YES;
				CLANG_WARN_OBJC_ROOT_CLASS = YES_ERROR;
				CLANG_WARN_RANGE_LOOP_ANALYSIS = YES;
				CLANG_WARN_STRICT_PROTOTYPES = YES;
				CLANG_WARN_SUSPICIOUS_MOVE = YES;
				CLANG_WARN_UNGUARDED_AVAILABILITY = YES_AGGRESSIVE;
				CLANG_WARN_UNREACHABLE_CODE = YES;
				CLANG_WARN__DUPLICATE_METHOD_MATCH = YES;
				CODE_SIGN_IDENTITY = "iPhone Developer";
				COPY_PHASE_STRIP = NO;
				DEBUG_INFORMATION_FORMAT = "dwarf-with-dsym";
				ENABLE_NS_ASSERTIONS = NO;
				ENABLE_STRICT_OBJC_MSGSEND = YES;
				GCC_C_LANGUAGE_STANDARD = gnu11;
				GCC_NO_COMMON_BLOCKS = YES;
				GCC_WARN_64_TO_32_BIT_CONVERSION = YES;
				GCC_WARN_ABOUT_RETURN_TYPE = YES_ERROR;
				GCC_WARN_UNDECLARED_SELECTOR = YES;
				GCC_WARN_UNINITIALIZED_AUTOS = YES_AGGRESSIVE;
				GCC_WARN_UNUSED_FUNCTION = YES;
				GCC_WARN_UNUSED_VARIABLE = YES;
				IPHONEOS_DEPLOYMENT_TARGET = 12.0;
				MTL_ENABLE_DEBUG_INFO = NO;
				MTL_FAST_MATH = YES;
				SDKROOT = iphoneos;
				SWIFT_COMPILATION_MODE = wholemodule;
				SWIFT_OPTIMIZATION_LEVEL = "-O";
				VALIDATE_PRODUCT = YES;
			};
			name = Release;
		};
		7CD11B062103A97800BF085C /* Debug */ = {
			isa = XCBuildConfiguration;
			buildSettings = {
				ASSETCATALOG_COMPILER_APPICON_NAME = AppIcon;
				CODE_SIGN_STYLE = Automatic;
				DEVELOPMENT_TEAM = P4LF6HH4NG;
				INFOPLIST_FILE = Planets/Info.plist;
				LD_RUNPATH_SEARCH_PATHS = (
					"$(inherited)",
					"@executable_path/Frameworks",
				);
				PRODUCT_BUNDLE_IDENTIFIER = "-5B.ai.Planets";
				PRODUCT_NAME = "$(TARGET_NAME)";
				SWIFT_VERSION = 4.2;
				TARGETED_DEVICE_FAMILY = "1,2";
			};
			name = Debug;
		};
		7CD11B072103A97800BF085C /* Release */ = {
			isa = XCBuildConfiguration;
			buildSettings = {
				ASSETCATALOG_COMPILER_APPICON_NAME = AppIcon;
				CODE_SIGN_STYLE = Automatic;
				DEVELOPMENT_TEAM = P4LF6HH4NG;
				INFOPLIST_FILE = Planets/Info.plist;
				LD_RUNPATH_SEARCH_PATHS = (
					"$(inherited)",
					"@executable_path/Frameworks",
				);
				PRODUCT_BUNDLE_IDENTIFIER = "-5B.ai.Planets";
				PRODUCT_NAME = "$(TARGET_NAME)";
				SWIFT_VERSION = 4.2;
				TARGETED_DEVICE_FAMILY = "1,2";
			};
			name = Release;
		};
		7CD11B092103A97800BF085C /* Debug */ = {
			isa = XCBuildConfiguration;
			buildSettings = {
				ALWAYS_EMBED_SWIFT_STANDARD_LIBRARIES = YES;
				BUNDLE_LOADER = "$(TEST_HOST)";
				CODE_SIGN_STYLE = Automatic;
				DEVELOPMENT_TEAM = P4LF6HH4NG;
				INFOPLIST_FILE = PlanetsTests/Info.plist;
				LD_RUNPATH_SEARCH_PATHS = (
					"$(inherited)",
					"@executable_path/Frameworks",
					"@loader_path/Frameworks",
				);
				PRODUCT_BUNDLE_IDENTIFIER = "-5B.ai.PlanetsTests";
				PRODUCT_NAME = "$(TARGET_NAME)";
				SWIFT_VERSION = 4.2;
				TARGETED_DEVICE_FAMILY = "1,2";
				TEST_HOST = "$(BUILT_PRODUCTS_DIR)/Planets.app/Planets";
			};
			name = Debug;
		};
		7CD11B0A2103A97800BF085C /* Release */ = {
			isa = XCBuildConfiguration;
			buildSettings = {
				ALWAYS_EMBED_SWIFT_STANDARD_LIBRARIES = YES;
				BUNDLE_LOADER = "$(TEST_HOST)";
				CODE_SIGN_STYLE = Automatic;
				DEVELOPMENT_TEAM = P4LF6HH4NG;
				INFOPLIST_FILE = PlanetsTests/Info.plist;
				LD_RUNPATH_SEARCH_PATHS = (
					"$(inherited)",
					"@executable_path/Frameworks",
					"@loader_path/Frameworks",
				);
				PRODUCT_BUNDLE_IDENTIFIER = "-5B.ai.PlanetsTests";
				PRODUCT_NAME = "$(TARGET_NAME)";
				SWIFT_VERSION = 4.2;
				TARGETED_DEVICE_FAMILY = "1,2";
				TEST_HOST = "$(BUILT_PRODUCTS_DIR)/Planets.app/Planets";
			};
			name = Release;
		};
		7CD11B0C2103A97800BF085C /* Debug */ = {
			isa = XCBuildConfiguration;
			buildSettings = {
				ALWAYS_EMBED_SWIFT_STANDARD_LIBRARIES = YES;
				CODE_SIGN_STYLE = Automatic;
				DEVELOPMENT_TEAM = P4LF6HH4NG;
				INFOPLIST_FILE = PlanetsUITests/Info.plist;
				LD_RUNPATH_SEARCH_PATHS = (
					"$(inherited)",
					"@executable_path/Frameworks",
					"@loader_path/Frameworks",
				);
				PRODUCT_BUNDLE_IDENTIFIER = "-5B.ai.PlanetsUITests";
				PRODUCT_NAME = "$(TARGET_NAME)";
				SWIFT_VERSION = 4.2;
				TARGETED_DEVICE_FAMILY = "1,2";
				TEST_TARGET_NAME = Planets;
			};
			name = Debug;
		};
		7CD11B0D2103A97800BF085C /* Release */ = {
			isa = XCBuildConfiguration;
			buildSettings = {
				ALWAYS_EMBED_SWIFT_STANDARD_LIBRARIES = YES;
				CODE_SIGN_STYLE = Automatic;
				DEVELOPMENT_TEAM = P4LF6HH4NG;
				INFOPLIST_FILE = PlanetsUITests/Info.plist;
				LD_RUNPATH_SEARCH_PATHS = (
					"$(inherited)",
					"@executable_path/Frameworks",
					"@loader_path/Frameworks",
				);
				PRODUCT_BUNDLE_IDENTIFIER = "-5B.ai.PlanetsUITests";
				PRODUCT_NAME = "$(TARGET_NAME)";
				SWIFT_VERSION = 4.2;
				TARGETED_DEVICE_FAMILY = "1,2";
				TEST_TARGET_NAME = Planets;
			};
			name = Release;
		};
/* End XCBuildConfiguration section */

/* Begin XCConfigurationList section */
		7CD11AD82103A97500BF085C /* Build configuration list for PBXProject "Planets" */ = {
			isa = XCConfigurationList;
			buildConfigurations = (
				7CD11B032103A97800BF085C /* Debug */,
				7CD11B042103A97800BF085C /* Release */,
			);
			defaultConfigurationIsVisible = 0;
			defaultConfigurationName = Release;
		};
		7CD11B052103A97800BF085C /* Build configuration list for PBXNativeTarget "Planets" */ = {
			isa = XCConfigurationList;
			buildConfigurations = (
				7CD11B062103A97800BF085C /* Debug */,
				7CD11B072103A97800BF085C /* Release */,
			);
			defaultConfigurationIsVisible = 0;
			defaultConfigurationName = Release;
		};
		7CD11B082103A97800BF085C /* Build configuration list for PBXNativeTarget "PlanetsTests" */ = {
			isa = XCConfigurationList;
			buildConfigurations = (
				7CD11B092103A97800BF085C /* Debug */,
				7CD11B0A2103A97800BF085C /* Release */,
			);
			defaultConfigurationIsVisible = 0;
			defaultConfigurationName = Release;
		};
		7CD11B0B2103A97800BF085C /* Build configuration list for PBXNativeTarget "PlanetsUITests" */ = {
			isa = XCConfigurationList;
			buildConfigurations = (
				7CD11B0C2103A97800BF085C /* Debug */,
				7CD11B0D2103A97800BF085C /* Release */,
			);
			defaultConfigurationIsVisible = 0;
			defaultConfigurationName = Release;
		};
/* End XCConfigurationList section */
	};
	rootObject = 7CD11AD52103A97500BF085C /* Project object */;
}
